
Microsoft Visual Studio Solution File, Format Version 12.00
# Visual Studio Version 17
VisualStudioVersion = 17.0.32112.339
MinimumVisualStudioVersion = 10.0.40219.1
Project("{FAE04EC0-301F-11D3-BF4B-00C04F79EFBC}") = "Sisilli Lab 8", "Sisilli Lab 8.csproj", "{AFC6C093-F1FC-47CF-856D-9C531D0DF331}"
EndProject
Global
	GlobalSection(SolutionConfigurationPlatforms) = preSolution
		Debug|Any CPU = Debug|Any CPU
		Release|Any CPU = Release|Any CPU
	EndGlobalSection
	GlobalSection(ProjectConfigurationPlatforms) = postSolution
		{AFC6C093-F1FC-47CF-856D-9C531D0DF331}.Debug|Any CPU.ActiveCfg = Debug|Any CPU
		{AFC6C093-F1FC-47CF-856D-9C531D0DF331}.Debug|Any CPU.Build.0 = Debug|Any CPU
		{AFC6C093-F1FC-47CF-856D-9C531D0DF331}.Release|Any CPU.ActiveCfg = Release|Any CPU
		{AFC6C093-F1FC-47CF-856D-9C531D0DF331}.Release|Any CPU.Build.0 = Release|Any CPU
	EndGlobalSection
	GlobalSection(SolutionProperties) = preSolution
		HideSolutionNode = FALSE
	EndGlobalSection
	GlobalSection(ExtensibilityGlobals) = postSolution
		SolutionGuid = {A70D3C48-11B4-453A-8C00-EE4A721E12D4}
	EndGlobalSection
EndGlobal
